
Microsoft Visual Studio Solution File, Format Version 12.00
# Visual Studio Version 16
VisualStudioVersion = 16.0.29709.97
MinimumVisualStudioVersion = 10.0.40219.1
Project("{9A19103F-16F7-4668-BE54-9A1E7A4F7556}") = "ProjectBase.Api", "ProjectBase.Api\ProjectBase.Api.csproj", "{093C3AC0-AF9D-4EFD-B965-FF99B4A988CA}"
EndProject
Project("{9A19103F-16F7-4668-BE54-9A1E7A4F7556}") = "ProjectBase.Domain", "ProjectBase.Domain\ProjectBase.Domain.csproj", "{C73437DF-3A99-4214-A905-34C7BB02B254}"
EndProject
Project("{9A19103F-16F7-4668-BE54-9A1E7A4F7556}") = "ProjectBase.Infra", "ProjectBase.Infra\ProjectBase.Infra.csproj", "{8BDDC1D8-3502-4047-8146-4B86D119C016}"
EndProject
Global
	GlobalSection(SolutionConfigurationPlatforms) = preSolution
		Debug|Any CPU = Debug|Any CPU
		Release|Any CPU = Release|Any CPU
	EndGlobalSection
	GlobalSection(ProjectConfigurationPlatforms) = postSolution
		{093C3AC0-AF9D-4EFD-B965-FF99B4A988CA}.Debug|Any CPU.ActiveCfg = Debug|Any CPU
		{093C3AC0-AF9D-4EFD-B965-FF99B4A988CA}.Debug|Any CPU.Build.0 = Debug|Any CPU
		{093C3AC0-AF9D-4EFD-B965-FF99B4A988CA}.Release|Any CPU.ActiveCfg = Release|Any CPU
		{093C3AC0-AF9D-4EFD-B965-FF99B4A988CA}.Release|Any CPU.Build.0 = Release|Any CPU
		{C73437DF-3A99-4214-A905-34C7BB02B254}.Debug|Any CPU.ActiveCfg = Debug|Any CPU
		{C73437DF-3A99-4214-A905-34C7BB02B254}.Debug|Any CPU.Build.0 = Debug|Any CPU
		{C73437DF-3A99-4214-A905-34C7BB02B254}.Release|Any CPU.ActiveCfg = Release|Any CPU
		{C73437DF-3A99-4214-A905-34C7BB02B254}.Release|Any CPU.Build.0 = Release|Any CPU
		{8BDDC1D8-3502-4047-8146-4B86D119C016}.Debug|Any CPU.ActiveCfg = Debug|Any CPU
		{8BDDC1D8-3502-4047-8146-4B86D119C016}.Debug|Any CPU.Build.0 = Debug|Any CPU
		{8BDDC1D8-3502-4047-8146-4B86D119C016}.Release|Any CPU.ActiveCfg = Release|Any CPU
		{8BDDC1D8-3502-4047-8146-4B86D119C016}.Release|Any CPU.Build.0 = Release|Any CPU
	EndGlobalSection
	GlobalSection(SolutionProperties) = preSolution
		HideSolutionNode = FALSE
	EndGlobalSection
	GlobalSection(ExtensibilityGlobals) = postSolution
		SolutionGuid = {6232AF24-D804-42B2-BB3E-AC6447F428D7}
	EndGlobalSection
EndGlobal
